
Microsoft Visual Studio Solution File, Format Version 12.00
# Visual Studio Version 16
VisualStudioVersion = 16.0.29519.87
MinimumVisualStudioVersion = 10.0.40219.1
Project("{FAE04EC0-301F-11D3-BF4B-00C04F79EFBC}") = "DOT_Net_Core", "DOT_Net_Core\DOT_Net_Core.csproj", "{A8B598E6-B5E3-45E3-A064-EABC41F9679E}"
EndProject
Global
	GlobalSection(SolutionConfigurationPlatforms) = preSolution
		Debug|Any CPU = Debug|Any CPU
		Release|Any CPU = Release|Any CPU
	EndGlobalSection
	GlobalSection(ProjectConfigurationPlatforms) = postSolution
		{A8B598E6-B5E3-45E3-A064-EABC41F9679E}.Debug|Any CPU.ActiveCfg = Debug|Any CPU
		{A8B598E6-B5E3-45E3-A064-EABC41F9679E}.Debug|Any CPU.Build.0 = Debug|Any CPU
		{A8B598E6-B5E3-45E3-A064-EABC41F9679E}.Release|Any CPU.ActiveCfg = Release|Any CPU
		{A8B598E6-B5E3-45E3-A064-EABC41F9679E}.Release|Any CPU.Build.0 = Release|Any CPU
	EndGlobalSection
	GlobalSection(SolutionProperties) = preSolution
		HideSolutionNode = FALSE
	EndGlobalSection
	GlobalSection(ExtensibilityGlobals) = postSolution
		SolutionGuid = {034BD93E-BF25-4B08-AF3E-9376ED9BE6CB}
	EndGlobalSection
EndGlobal
