
Microsoft Visual Studio Solution File, Format Version 12.00
# Visual Studio Version 16
VisualStudioVersion = 16.0.29519.87
MinimumVisualStudioVersion = 10.0.40219.1
Project("{9A19103F-16F7-4668-BE54-9A1E7A4F7556}") = "Infestation", "DOT_Net_Core\Infestation.csproj", "{14F8C9FE-BA6A-4FEF-9187-A4761B66A87D}"
EndProject
Project("{9A19103F-16F7-4668-BE54-9A1E7A4F7556}") = "Lesson4-Task1", "Lesson4-Task1\Lesson4-Task1.csproj", "{E76CA777-04CB-4FDE-90EB-C69CD7B05A1F}"
EndProject
Project("{9A19103F-16F7-4668-BE54-9A1E7A4F7556}") = "RestApi", "RestApi\RestApi.csproj", "{480EDDE6-B7C0-479B-9D0B-C8B298B87EC1}"
EndProject
Project("{FAE04EC0-301F-11D3-BF4B-00C04F79EFBC}") = "WebSocketsChat", "WebSocketsChat\WebSocketsChat.csproj", "{9505BB14-2174-440F-8CB9-26B8788A8C1A}"
EndProject
Global
	GlobalSection(SolutionConfigurationPlatforms) = preSolution
		Debug|Any CPU = Debug|Any CPU
		Release|Any CPU = Release|Any CPU
	EndGlobalSection
	GlobalSection(ProjectConfigurationPlatforms) = postSolution
		{14F8C9FE-BA6A-4FEF-9187-A4761B66A87D}.Debug|Any CPU.ActiveCfg = Debug|Any CPU
		{14F8C9FE-BA6A-4FEF-9187-A4761B66A87D}.Debug|Any CPU.Build.0 = Debug|Any CPU
		{14F8C9FE-BA6A-4FEF-9187-A4761B66A87D}.Release|Any CPU.ActiveCfg = Release|Any CPU
		{14F8C9FE-BA6A-4FEF-9187-A4761B66A87D}.Release|Any CPU.Build.0 = Release|Any CPU
		{E76CA777-04CB-4FDE-90EB-C69CD7B05A1F}.Debug|Any CPU.ActiveCfg = Debug|Any CPU
		{E76CA777-04CB-4FDE-90EB-C69CD7B05A1F}.Debug|Any CPU.Build.0 = Debug|Any CPU
		{E76CA777-04CB-4FDE-90EB-C69CD7B05A1F}.Release|Any CPU.ActiveCfg = Release|Any CPU
		{E76CA777-04CB-4FDE-90EB-C69CD7B05A1F}.Release|Any CPU.Build.0 = Release|Any CPU
		{480EDDE6-B7C0-479B-9D0B-C8B298B87EC1}.Debug|Any CPU.ActiveCfg = Debug|Any CPU
		{480EDDE6-B7C0-479B-9D0B-C8B298B87EC1}.Debug|Any CPU.Build.0 = Debug|Any CPU
		{480EDDE6-B7C0-479B-9D0B-C8B298B87EC1}.Release|Any CPU.ActiveCfg = Release|Any CPU
		{480EDDE6-B7C0-479B-9D0B-C8B298B87EC1}.Release|Any CPU.Build.0 = Release|Any CPU
		{9505BB14-2174-440F-8CB9-26B8788A8C1A}.Debug|Any CPU.ActiveCfg = Debug|Any CPU
		{9505BB14-2174-440F-8CB9-26B8788A8C1A}.Debug|Any CPU.Build.0 = Debug|Any CPU
		{9505BB14-2174-440F-8CB9-26B8788A8C1A}.Release|Any CPU.ActiveCfg = Release|Any CPU
		{9505BB14-2174-440F-8CB9-26B8788A8C1A}.Release|Any CPU.Build.0 = Release|Any CPU
	EndGlobalSection
	GlobalSection(SolutionProperties) = preSolution
		HideSolutionNode = FALSE
	EndGlobalSection
	GlobalSection(ExtensibilityGlobals) = postSolution
		SolutionGuid = {D5B30781-4AA6-4F90-88CE-5D99607587B9}
	EndGlobalSection
EndGlobal
